// !$*UTF8*$!
{
	archiveVersion = 1;
	classes = {
	};
	objectVersion = 46;
	objects = {

/* Begin PBXBuildFile section */
		04BFBA001AC46B6F004B662D /* main.m in Sources */ = {isa = PBXBuildFile; fileRef = 04BFB9FF1AC46B6F004B662D /* main.m */; };
		04BFBA081AC472BC004B662D /* TOTSorting.m in Sources */ = {isa = PBXBuildFile; fileRef = 04BFBA071AC472BC004B662D /* TOTSorting.m */; };
/* End PBXBuildFile section */

/* Begin PBXCopyFilesBuildPhase section */
		04BFB9FA1AC46B6F004B662D /* CopyFiles */ = {
			isa = PBXCopyFilesBuildPhase;
			buildActionMask = 2147483647;
			dstPath = /usr/share/man/man1/;
			dstSubfolderSpec = 0;
			files = (
			);
			runOnlyForDeploymentPostprocessing = 1;
		};
/* End PBXCopyFilesBuildPhase section */

/* Begin PBXFileReference section */
		04BFB9FC1AC46B6F004B662D /* SortingAlgorithms */ = {isa = PBXFileReference; explicitFileType = "compiled.mach-o.executable"; includeInIndex = 0; path = SortingAlgorithms; sourceTree = BUILT_PRODUCTS_DIR; };
		04BFB9FF1AC46B6F004B662D /* main.m */ = {isa = PBXFileReference; lastKnownFileType = sourcecode.c.objc; path = main.m; sourceTree = "<group>"; };
		04BFBA061AC472BC004B662D /* TOTSorting.h */ = {isa = PBXFileReference; fileEncoding = 4; lastKnownFileType = sourcecode.c.h; path = TOTSorting.h; sourceTree = "<group>"; };
		04BFBA071AC472BC004B662D /* TOTSorting.m */ = {isa = PBXFileReference; fileEncoding = 4; lastKnownFileType = sourcecode.c.objc; path = TOTSorting.m; sourceTree = "<group>"; };
/* End PBXFileReference section */

/* Begin PBXFrameworksBuildPhase section */
		04BFB9F91AC46B6F004B662D /* Frameworks */ = {
			isa = PBXFrameworksBuildPhase;
			buildActionMask = 2147483647;
			files = (
			);
			runOnlyForDeploymentPostprocessing = 0;
		};
/* End PBXFrameworksBuildPhase section */

/* Begin PBXGroup section */
		04BFB9F31AC46B6F004B662D = {
			isa = PBXGroup;
			children = (
				04BFB9FE1AC46B6F004B662D /* SortingAlgorithms */,
				04BFB9FD1AC46B6F004B662D /* Products */,
			);
			sourceTree = "<group>";
		};
		04BFB9FD1AC46B6F004B662D /* Products */ = {
			isa = PBXGroup;
			children = (
				04BFB9FC1AC46B6F004B662D /* SortingAlgorithms */,
			);
			name = Products;
			sourceTree = "<group>";
		};
		04BFB9FE1AC46B6F004B662D /* SortingAlgorithms */ = {
			isa = PBXGroup;
			children = (
				04BFB9FF1AC46B6F004B662D /* main.m */,
				04BFBA061AC472BC004B662D /* TOTSorting.h */,
				04BFBA071AC472BC004B662D /* TOTSorting.m */,
			);
			path = SortingAlgorithms;
			sourceTree = "<group>";
		};
/* End PBXGroup section */

/* Begin PBXNativeTarget section */
		04BFB9FB1AC46B6F004B662D /* SortingAlgorithms */ = {
			isa = PBXNativeTarget;
			buildConfigurationList = 04BFBA031AC46B6F004B662D /* Build configuration list for PBXNativeTarget "SortingAlgorithms" */;
			buildPhases = (
				04BFB9F81AC46B6F004B662D /* Sources */,
				04BFB9F91AC46B6F004B662D /* Frameworks */,
				04BFB9FA1AC46B6F004B662D /* CopyFiles */,
			);
			buildRules = (
			);
			dependencies = (
			);
			name = SortingAlgorithms;
			productName = SortingAlgorithms;
			productReference = 04BFB9FC1AC46B6F004B662D /* SortingAlgorithms */;
			productType = "com.apple.product-type.tool";
		};
/* End PBXNativeTarget section */

/* Begin PBXProject section */
		04BFB9F41AC46B6F004B662D /* Project object */ = {
			isa = PBXProject;
			attributes = {
				LastUpgradeCheck = 0620;
				ORGANIZATIONNAME = "Denys Khlivnyy";
				TargetAttributes = {
					04BFB9FB1AC46B6F004B662D = {
						CreatedOnToolsVersion = 6.2;
					};
				};
			};
			buildConfigurationList = 04BFB9F71AC46B6F004B662D /* Build configuration list for PBXProject "SortingAlgorithms" */;
			compatibilityVersion = "Xcode 3.2";
			developmentRegion = English;
			hasScannedForEncodings = 0;
			knownRegions = (
				en,
			);
			mainGroup = 04BFB9F31AC46B6F004B662D;
			productRefGroup = 04BFB9FD1AC46B6F004B662D /* Products */;
			projectDirPath = "";
			projectRoot = "";
			targets = (
				04BFB9FB1AC46B6F004B662D /* SortingAlgorithms */,
			);
		};
/* End PBXProject section */

/* Begin PBXSourcesBuildPhase section */
		04BFB9F81AC46B6F004B662D /* Sources */ = {
			isa = PBXSourcesBuildPhase;
			buildActionMask = 2147483647;
			files = (
				04BFBA001AC46B6F004B662D /* main.m in Sources */,
				04BFBA081AC472BC004B662D /* TOTSorting.m in Sources */,
			);
			runOnlyForDeploymentPostprocessing = 0;
		};
/* End PBXSourcesBuildPhase section */

/* Begin XCBuildConfiguration section */
		04BFBA011AC46B6F004B662D /* Debug */ = {
			isa = XCBuildConfiguration;
			buildSettings = {
				ALWAYS_SEARCH_USER_PATHS = NO;
				CLANG_CXX_LANGUAGE_STANDARD = "gnu++0x";
				CLANG_CXX_LIBRARY = "libc++";
				CLANG_ENABLE_MODULES = YES;
				CLANG_ENABLE_OBJC_ARC = YES;
				CLANG_WARN_BOOL_CONVERSION = YES;
				CLANG_WARN_CONSTANT_CONVERSION = YES;
				CLANG_WARN_DIRECT_OBJC_ISA_USAGE = YES_ERROR;
				CLANG_WARN_EMPTY_BODY = YES;
				CLANG_WARN_ENUM_CONVERSION = YES;
				CLANG_WARN_INT_CONVERSION = YES;
				CLANG_WARN_OBJC_ROOT_CLASS = YES_ERROR;
				CLANG_WARN_UNREACHABLE_CODE = YES;
				CLANG_WARN__DUPLICATE_METHOD_MATCH = YES;
				COPY_PHASE_STRIP = NO;
				ENABLE_STRICT_OBJC_MSGSEND = YES;
				GCC_C_LANGUAGE_STANDARD = gnu99;
				GCC_DYNAMIC_NO_PIC = NO;
				GCC_OPTIMIZATION_LEVEL = 0;
				GCC_PREPROCESSOR_DEFINITIONS = (
					"DEBUG=1",
					"$(inherited)",
				);
				GCC_SYMBOLS_PRIVATE_EXTERN = NO;
				GCC_WARN_64_TO_32_BIT_CONVERSION = YES;
				GCC_WARN_ABOUT_RETURN_TYPE = YES_ERROR;
				GCC_WARN_UNDECLARED_SELECTOR = YES;
				GCC_WARN_UNINITIALIZED_AUTOS = YES_AGGRESSIVE;
				GCC_WARN_UNUSED_FUNCTION = YES;
				GCC_WARN_UNUSED_VARIABLE = YES;
				MACOSX_DEPLOYMENT_TARGET = 10.10;
				MTL_ENABLE_DEBUG_INFO = YES;
				ONLY_ACTIVE_ARCH = YES;
				SDKROOT = macosx;
			};
			name = Debug;
		};
		04BFBA021AC46B6F004B662D /* Release */ = {
			isa = XCBuildConfiguration;
			buildSettings = {
				ALWAYS_SEARCH_USER_PATHS = NO;
				CLANG_CXX_LANGUAGE_STANDARD = "gnu++0x";
				CLANG_CXX_LIBRARY = "libc++";
				CLANG_ENABLE_MODULES = YES;
				CLANG_ENABLE_OBJC_ARC = YES;
				CLANG_WARN_BOOL_CONVERSION = YES;
				CLANG_WARN_CONSTANT_CONVERSION = YES;
				CLANG_WARN_DIRECT_OBJC_ISA_USAGE = YES_ERROR;
				CLANG_WARN_EMPTY_BODY = YES;
				CLANG_WARN_ENUM_CONVERSION = YES;
				CLANG_WARN_INT_CONVERSION = YES;
				CLANG_WARN_OBJC_ROOT_CLASS = YES_ERROR;
				CLANG_WARN_UNREACHABLE_CODE = YES;
				CLANG_WARN__DUPLICATE_METHOD_MATCH = YES;
				COPY_PHASE_STRIP = NO;
				DEBUG_INFORMATION_FORMAT = "dwarf-with-dsym";
				ENABLE_NS_ASSERTIONS = NO;
				ENABLE_STRICT_OBJC_MSGSEND = YES;
				GCC_C_LANGUAGE_STANDARD = gnu99;
				GCC_WARN_64_TO_32_BIT_CONVERSION = YES;
				GCC_WARN_ABOUT_RETURN_TYPE = YES_ERROR;
				GCC_WARN_UNDECLARED_SELECTOR = YES;
				GCC_WARN_UNINITIALIZED_AUTOS = YES_AGGRESSIVE;
				GCC_WARN_UNUSED_FUNCTION = YES;
				GCC_WARN_UNUSED_VARIABLE = YES;
				MACOSX_DEPLOYMENT_TARGET = 10.10;
				MTL_ENABLE_DEBUG_INFO = NO;
				SDKROOT = macosx;
			};
			name = Release;
		};
		04BFBA041AC46B6F004B662D /* Debug */ = {
			isa = XCBuildConfiguration;
			buildSettings = {
				PRODUCT_NAME = "$(TARGET_NAME)";
			};
			name = Debug;
		};
		04BFBA051AC46B6F004B662D /* Release */ = {
			isa = XCBuildConfiguration;
			buildSettings = {
				PRODUCT_NAME = "$(TARGET_NAME)";
			};
			name = Release;
		};
/* End XCBuildConfiguration section */

/* Begin XCConfigurationList section */
		04BFB9F71AC46B6F004B662D /* Build configuration list for PBXProject "SortingAlgorithms" */ = {
			isa = XCConfigurationList;
			buildConfigurations = (
				04BFBA011AC46B6F004B662D /* Debug */,
				04BFBA021AC46B6F004B662D /* Release */,
			);
			defaultConfigurationIsVisible = 0;
			defaultConfigurationName = Release;
		};
		04BFBA031AC46B6F004B662D /* Build configuration list for PBXNativeTarget "SortingAlgorithms" */ = {
			isa = XCConfigurationList;
			buildConfigurations = (
				04BFBA041AC46B6F004B662D /* Debug */,
				04BFBA051AC46B6F004B662D /* Release */,
			);
			defaultConfigurationIsVisible = 0;
		};
/* End XCConfigurationList section */
	};
	rootObject = 04BFB9F41AC46B6F004B662D /* Project object */;
}
